
Microsoft Visual Studio Solution File, Format Version 10.00
# Visual Studio 2008
Project("{FAE04EC0-301F-11D3-BF4B-00C04F79EFBC}") = "Pathology", "Pathology.csproj", "{559CB9C2-F628-4804-B101-0FBE88283CEE}"
EndProject
Global
	GlobalSection(SolutionConfigurationPlatforms) = preSolution
		Debug|Any CPU = Debug|Any CPU
		Release|Any CPU = Release|Any CPU
	EndGlobalSection
	GlobalSection(ProjectConfigurationPlatforms) = postSolution
		{559CB9C2-F628-4804-B101-0FBE88283CEE}.Debug|Any CPU.ActiveCfg = Debug|Any CPU
		{559CB9C2-F628-4804-B101-0FBE88283CEE}.Debug|Any CPU.Build.0 = Debug|Any CPU
		{559CB9C2-F628-4804-B101-0FBE88283CEE}.Release|Any CPU.ActiveCfg = Release|Any CPU
		{559CB9C2-F628-4804-B101-0FBE88283CEE}.Release|Any CPU.Build.0 = Release|Any CPU
	EndGlobalSection
	GlobalSection(SolutionProperties) = preSolution
		HideSolutionNode = FALSE
	EndGlobalSection
EndGlobal
